// !$*UTF8*$!
{
	archiveVersion = 1;
	classes = {
	};
	objectVersion = 56;
	objects = {

/* Begin PBXBuildFile section */
		2B1E58E12AB6374700600305 /* FlashcardsApp.swift in Sources */ = {isa = PBXBuildFile; fileRef = 2B1E58E02AB6374700600305 /* FlashcardsApp.swift */; };
		2B1E58E32AB6374700600305 /* ContentView.swift in Sources */ = {isa = PBXBuildFile; fileRef = 2B1E58E22AB6374700600305 /* ContentView.swift */; };
		2B1E58E52AB6374700600305 /* Item.swift in Sources */ = {isa = PBXBuildFile; fileRef = 2B1E58E42AB6374700600305 /* Item.swift */; };
		2B1E58E72AB6374900600305 /* Assets.xcassets in Resources */ = {isa = PBXBuildFile; fileRef = 2B1E58E62AB6374900600305 /* Assets.xcassets */; };
		2B1E58EA2AB6374900600305 /* Preview Assets.xcassets in Resources */ = {isa = PBXBuildFile; fileRef = 2B1E58E92AB6374900600305 /* Preview Assets.xcassets */; };
		2B1E58F22AB64C2700600305 /* HeaderView.swift in Sources */ = {isa = PBXBuildFile; fileRef = 2B1E58F12AB64C2700600305 /* HeaderView.swift */; };
		2B1E58F42AB64D3000600305 /* OperationButtonView.swift in Sources */ = {isa = PBXBuildFile; fileRef = 2B1E58F32AB64D3000600305 /* OperationButtonView.swift */; };
		2B1E58F62AB64D7000600305 /* RoundedRectangleContainer.swift in Sources */ = {isa = PBXBuildFile; fileRef = 2B1E58F52AB64D7000600305 /* RoundedRectangleContainer.swift */; };
		2B1E58F92AB64DD600600305 /* TestFlashcardsView.swift in Sources */ = {isa = PBXBuildFile; fileRef = 2B1E58F82AB64DD600600305 /* TestFlashcardsView.swift */; };
		2B1E58FB2AB64E2A00600305 /* FlashNoteCard.swift in Sources */ = {isa = PBXBuildFile; fileRef = 2B1E58FA2AB64E2A00600305 /* FlashNoteCard.swift */; };
		2B1E58FD2AB650D400600305 /* OGContentView.swift in Sources */ = {isa = PBXBuildFile; fileRef = 2B1E58FC2AB650D400600305 /* OGContentView.swift */; };
		2B592F032B13F6A900655AD4 /* SettingsView.swift in Sources */ = {isa = PBXBuildFile; fileRef = 2B592F022B13F6A900655AD4 /* SettingsView.swift */; };
		2B592F052B13F9E800655AD4 /* SettingsViewModel.swift in Sources */ = {isa = PBXBuildFile; fileRef = 2B592F042B13F9E800655AD4 /* SettingsViewModel.swift */; };
		2BB52A6E2ABA1E95009E2A8F /* PracticeFlashcardsView.swift in Sources */ = {isa = PBXBuildFile; fileRef = 2BB52A6D2ABA1E95009E2A8F /* PracticeFlashcardsView.swift */; };
/* End PBXBuildFile section */

/* Begin PBXFileReference section */
		2B1E58DD2AB6374700600305 /* Flashcards.app */ = {isa = PBXFileReference; explicitFileType = wrapper.application; includeInIndex = 0; path = Flashcards.app; sourceTree = BUILT_PRODUCTS_DIR; };
		2B1E58E02AB6374700600305 /* FlashcardsApp.swift */ = {isa = PBXFileReference; lastKnownFileType = sourcecode.swift; path = FlashcardsApp.swift; sourceTree = "<group>"; };
		2B1E58E22AB6374700600305 /* ContentView.swift */ = {isa = PBXFileReference; lastKnownFileType = sourcecode.swift; path = ContentView.swift; sourceTree = "<group>"; };
		2B1E58E42AB6374700600305 /* Item.swift */ = {isa = PBXFileReference; lastKnownFileType = sourcecode.swift; path = Item.swift; sourceTree = "<group>"; };
		2B1E58E62AB6374900600305 /* Assets.xcassets */ = {isa = PBXFileReference; lastKnownFileType = folder.assetcatalog; path = Assets.xcassets; sourceTree = "<group>"; };
		2B1E58E92AB6374900600305 /* Preview Assets.xcassets */ = {isa = PBXFileReference; lastKnownFileType = folder.assetcatalog; path = "Preview Assets.xcassets"; sourceTree = "<group>"; };
		2B1E58F12AB64C2700600305 /* HeaderView.swift */ = {isa = PBXFileReference; lastKnownFileType = sourcecode.swift; path = HeaderView.swift; sourceTree = "<group>"; };
		2B1E58F32AB64D3000600305 /* OperationButtonView.swift */ = {isa = PBXFileReference; lastKnownFileType = sourcecode.swift; path = OperationButtonView.swift; sourceTree = "<group>"; };
		2B1E58F52AB64D7000600305 /* RoundedRectangleContainer.swift */ = {isa = PBXFileReference; lastKnownFileType = sourcecode.swift; path = RoundedRectangleContainer.swift; sourceTree = "<group>"; };
		2B1E58F82AB64DD600600305 /* TestFlashcardsView.swift */ = {isa = PBXFileReference; lastKnownFileType = sourcecode.swift; path = TestFlashcardsView.swift; sourceTree = "<group>"; };
		2B1E58FA2AB64E2A00600305 /* FlashNoteCard.swift */ = {isa = PBXFileReference; lastKnownFileType = sourcecode.swift; path = FlashNoteCard.swift; sourceTree = "<group>"; };
		2B1E58FC2AB650D400600305 /* OGContentView.swift */ = {isa = PBXFileReference; lastKnownFileType = sourcecode.swift; path = OGContentView.swift; sourceTree = "<group>"; };
		2B592F022B13F6A900655AD4 /* SettingsView.swift */ = {isa = PBXFileReference; lastKnownFileType = sourcecode.swift; path = SettingsView.swift; sourceTree = "<group>"; };
		2B592F042B13F9E800655AD4 /* SettingsViewModel.swift */ = {isa = PBXFileReference; lastKnownFileType = sourcecode.swift; path = SettingsViewModel.swift; sourceTree = "<group>"; };
		2BB52A6D2ABA1E95009E2A8F /* PracticeFlashcardsView.swift */ = {isa = PBXFileReference; lastKnownFileType = sourcecode.swift; path = PracticeFlashcardsView.swift; sourceTree = "<group>"; };
/* End PBXFileReference section */

/* Begin PBXFrameworksBuildPhase section */
		2B1E58DA2AB6374700600305 /* Frameworks */ = {
			isa = PBXFrameworksBuildPhase;
			buildActionMask = 2147483647;
			files = (
			);
			runOnlyForDeploymentPostprocessing = 0;
		};
/* End PBXFrameworksBuildPhase section */

/* Begin PBXGroup section */
		2B1E58D42AB6374700600305 = {
			isa = PBXGroup;
			children = (
				2B1E58DF2AB6374700600305 /* Flashcards */,
				2B1E58DE2AB6374700600305 /* Products */,
			);
			sourceTree = "<group>";
		};
		2B1E58DE2AB6374700600305 /* Products */ = {
			isa = PBXGroup;
			children = (
				2B1E58DD2AB6374700600305 /* Flashcards.app */,
			);
			name = Products;
			sourceTree = "<group>";
		};
		2B1E58DF2AB6374700600305 /* Flashcards */ = {
			isa = PBXGroup;
			children = (
				2B1E58E02AB6374700600305 /* FlashcardsApp.swift */,
				2B1E58E62AB6374900600305 /* Assets.xcassets */,
				2BF6C8642AB6973A00127F9A /* Content View */,
				2BF6C8632AB6972300127F9A /* Header View */,
				2B592F012B13F68D00655AD4 /* Settings View */,
				2BF6C8622AB6970400127F9A /* Operation Buttons */,
				2BF6C8612AB696E200127F9A /* Flashcards */,
				2B1E58F72AB64DA700600305 /* Core Data */,
				2B1E58E82AB6374900600305 /* Preview Content */,
				2B1E58FC2AB650D400600305 /* OGContentView.swift */,
			);
			path = Flashcards;
			sourceTree = "<group>";
		};
		2B1E58E82AB6374900600305 /* Preview Content */ = {
			isa = PBXGroup;
			children = (
				2B1E58E92AB6374900600305 /* Preview Assets.xcassets */,
			);
			path = "Preview Content";
			sourceTree = "<group>";
		};
		2B1E58F72AB64DA700600305 /* Core Data */ = {
			isa = PBXGroup;
			children = (
				2B1E58E42AB6374700600305 /* Item.swift */,
			);
			path = "Core Data";
			sourceTree = "<group>";
		};
		2B592F012B13F68D00655AD4 /* Settings View */ = {
			isa = PBXGroup;
			children = (
				2B592F022B13F6A900655AD4 /* SettingsView.swift */,
				2B592F042B13F9E800655AD4 /* SettingsViewModel.swift */,
			);
			path = "Settings View";
			sourceTree = "<group>";
		};
		2BF6C8612AB696E200127F9A /* Flashcards */ = {
			isa = PBXGroup;
			children = (
				2B1E58FA2AB64E2A00600305 /* FlashNoteCard.swift */,
				2B1E58F82AB64DD600600305 /* TestFlashcardsView.swift */,
				2BB52A6D2ABA1E95009E2A8F /* PracticeFlashcardsView.swift */,
			);
			path = Flashcards;
			sourceTree = "<group>";
		};
		2BF6C8622AB6970400127F9A /* Operation Buttons */ = {
			isa = PBXGroup;
			children = (
				2B1E58F52AB64D7000600305 /* RoundedRectangleContainer.swift */,
				2B1E58F32AB64D3000600305 /* OperationButtonView.swift */,
			);
			path = "Operation Buttons";
			sourceTree = "<group>";
		};
		2BF6C8632AB6972300127F9A /* Header View */ = {
			isa = PBXGroup;
			children = (
				2B1E58F12AB64C2700600305 /* HeaderView.swift */,
			);
			path = "Header View";
			sourceTree = "<group>";
		};
		2BF6C8642AB6973A00127F9A /* Content View */ = {
			isa = PBXGroup;
			children = (
				2B1E58E22AB6374700600305 /* ContentView.swift */,
			);
			path = "Content View";
			sourceTree = "<group>";
		};
/* End PBXGroup section */

/* Begin PBXNativeTarget section */
		2B1E58DC2AB6374700600305 /* Flashcards */ = {
			isa = PBXNativeTarget;
			buildConfigurationList = 2B1E58ED2AB6374900600305 /* Build configuration list for PBXNativeTarget "Flashcards" */;
			buildPhases = (
				2B1E58D92AB6374700600305 /* Sources */,
				2B1E58DA2AB6374700600305 /* Frameworks */,
				2B1E58DB2AB6374700600305 /* Resources */,
			);
			buildRules = (
			);
			dependencies = (
			);
			name = Flashcards;
			productName = Flashcards;
			productReference = 2B1E58DD2AB6374700600305 /* Flashcards.app */;
			productType = "com.apple.product-type.application";
		};
/* End PBXNativeTarget section */

/* Begin PBXProject section */
		2B1E58D52AB6374700600305 /* Project object */ = {
			isa = PBXProject;
			attributes = {
				BuildIndependentTargetsInParallel = 1;
				LastSwiftUpdateCheck = 1500;
				LastUpgradeCheck = 1500;
				TargetAttributes = {
					2B1E58DC2AB6374700600305 = {
						CreatedOnToolsVersion = 15.0;
					};
				};
			};
			buildConfigurationList = 2B1E58D82AB6374700600305 /* Build configuration list for PBXProject "Flashcards" */;
			compatibilityVersion = "Xcode 14.0";
			developmentRegion = en;
			hasScannedForEncodings = 0;
			knownRegions = (
				en,
				Base,
			);
			mainGroup = 2B1E58D42AB6374700600305;
			productRefGroup = 2B1E58DE2AB6374700600305 /* Products */;
			projectDirPath = "";
			projectRoot = "";
			targets = (
				2B1E58DC2AB6374700600305 /* Flashcards */,
			);
		};
/* End PBXProject section */

/* Begin PBXResourcesBuildPhase section */
		2B1E58DB2AB6374700600305 /* Resources */ = {
			isa = PBXResourcesBuildPhase;
			buildActionMask = 2147483647;
			files = (
				2B1E58EA2AB6374900600305 /* Preview Assets.xcassets in Resources */,
				2B1E58E72AB6374900600305 /* Assets.xcassets in Resources */,
			);
			runOnlyForDeploymentPostprocessing = 0;
		};
/* End PBXResourcesBuildPhase section */

/* Begin PBXSourcesBuildPhase section */
		2B1E58D92AB6374700600305 /* Sources */ = {
			isa = PBXSourcesBuildPhase;
			buildActionMask = 2147483647;
			files = (
				2B1E58E32AB6374700600305 /* ContentView.swift in Sources */,
				2B1E58F62AB64D7000600305 /* RoundedRectangleContainer.swift in Sources */,
				2B1E58E52AB6374700600305 /* Item.swift in Sources */,
				2B1E58FD2AB650D400600305 /* OGContentView.swift in Sources */,
				2B1E58E12AB6374700600305 /* FlashcardsApp.swift in Sources */,
				2B1E58FB2AB64E2A00600305 /* FlashNoteCard.swift in Sources */,
				2B1E58F92AB64DD600600305 /* TestFlashcardsView.swift in Sources */,
				2B1E58F42AB64D3000600305 /* OperationButtonView.swift in Sources */,
				2BB52A6E2ABA1E95009E2A8F /* PracticeFlashcardsView.swift in Sources */,
				2B1E58F22AB64C2700600305 /* HeaderView.swift in Sources */,
				2B592F032B13F6A900655AD4 /* SettingsView.swift in Sources */,
				2B592F052B13F9E800655AD4 /* SettingsViewModel.swift in Sources */,
			);
			runOnlyForDeploymentPostprocessing = 0;
		};
/* End PBXSourcesBuildPhase section */

/* Begin XCBuildConfiguration section */
		2B1E58EB2AB6374900600305 /* Debug */ = {
			isa = XCBuildConfiguration;
			buildSettings = {
				ALWAYS_SEARCH_USER_PATHS = NO;
				ASSETCATALOG_COMPILER_GENERATE_SWIFT_ASSET_SYMBOL_EXTENSIONS = YES;
				CLANG_ANALYZER_NONNULL = YES;
				CLANG_ANALYZER_NUMBER_OBJECT_CONVERSION = YES_AGGRESSIVE;
				CLANG_CXX_LANGUAGE_STANDARD = "gnu++20";
				CLANG_ENABLE_MODULES = YES;
				CLANG_ENABLE_OBJC_ARC = YES;
				CLANG_ENABLE_OBJC_WEAK = YES;
				CLANG_WARN_BLOCK_CAPTURE_AUTORELEASING = YES;
				CLANG_WARN_BOOL_CONVERSION = YES;
				CLANG_WARN_COMMA = YES;
				CLANG_WARN_CONSTANT_CONVERSION = YES;
				CLANG_WARN_DEPRECATED_OBJC_IMPLEMENTATIONS = YES;
				CLANG_WARN_DIRECT_OBJC_ISA_USAGE = YES_ERROR;
				CLANG_WARN_DOCUMENTATION_COMMENTS = YES;
				CLANG_WARN_EMPTY_BODY = YES;
				CLANG_WARN_ENUM_CONVERSION = YES;
				CLANG_WARN_INFINITE_RECURSION = YES;
				CLANG_WARN_INT_CONVERSION = YES;
				CLANG_WARN_NON_LITERAL_NULL_CONVERSION = YES;
				CLANG_WARN_OBJC_IMPLICIT_RETAIN_SELF = YES;
				CLANG_WARN_OBJC_LITERAL_CONVERSION = YES;
				CLANG_WARN_OBJC_ROOT_CLASS = YES_ERROR;
				CLANG_WARN_QUOTED_INCLUDE_IN_FRAMEWORK_HEADER = YES;
				CLANG_WARN_RANGE_LOOP_ANALYSIS = YES;
				CLANG_WARN_STRICT_PROTOTYPES = YES;
				CLANG_WARN_SUSPICIOUS_MOVE = YES;
				CLANG_WARN_UNGUARDED_AVAILABILITY = YES_AGGRESSIVE;
				CLANG_WARN_UNREACHABLE_CODE = YES;
				CLANG_WARN__DUPLICATE_METHOD_MATCH = YES;
				COPY_PHASE_STRIP = NO;
				DEBUG_INFORMATION_FORMAT = dwarf;
				ENABLE_STRICT_OBJC_MSGSEND = YES;
				ENABLE_TESTABILITY = YES;
				ENABLE_USER_SCRIPT_SANDBOXING = YES;
				GCC_C_LANGUAGE_STANDARD = gnu17;
				GCC_DYNAMIC_NO_PIC = NO;
				GCC_NO_COMMON_BLOCKS = YES;
				GCC_OPTIMIZATION_LEVEL = 0;
				GCC_PREPROCESSOR_DEFINITIONS = (
					"DEBUG=1",
					"$(inherited)",
				);
				GCC_WARN_64_TO_32_BIT_CONVERSION = YES;
				GCC_WARN_ABOUT_RETURN_TYPE = YES_ERROR;
				GCC_WARN_UNDECLARED_SELECTOR = YES;
				GCC_WARN_UNINITIALIZED_AUTOS = YES_AGGRESSIVE;
				GCC_WARN_UNUSED_FUNCTION = YES;
				GCC_WARN_UNUSED_VARIABLE = YES;
				IPHONEOS_DEPLOYMENT_TARGET = 17.0;
				LOCALIZATION_PREFERS_STRING_CATALOGS = YES;
				MTL_ENABLE_DEBUG_INFO = INCLUDE_SOURCE;
				MTL_FAST_MATH = YES;
				ONLY_ACTIVE_ARCH = YES;
				SDKROOT = iphoneos;
				SWIFT_ACTIVE_COMPILATION_CONDITIONS = "DEBUG $(inherited)";
				SWIFT_OPTIMIZATION_LEVEL = "-Onone";
			};
			name = Debug;
		};
		2B1E58EC2AB6374900600305 /* Release */ = {
			isa = XCBuildConfiguration;
			buildSettings = {
				ALWAYS_SEARCH_USER_PATHS = NO;
				ASSETCATALOG_COMPILER_GENERATE_SWIFT_ASSET_SYMBOL_EXTENSIONS = YES;
				CLANG_ANALYZER_NONNULL = YES;
				CLANG_ANALYZER_NUMBER_OBJECT_CONVERSION = YES_AGGRESSIVE;
				CLANG_CXX_LANGUAGE_STANDARD = "gnu++20";
				CLANG_ENABLE_MODULES = YES;
				CLANG_ENABLE_OBJC_ARC = YES;
				CLANG_ENABLE_OBJC_WEAK = YES;
				CLANG_WARN_BLOCK_CAPTURE_AUTORELEASING = YES;
				CLANG_WARN_BOOL_CONVERSION = YES;
				CLANG_WARN_COMMA = YES;
				CLANG_WARN_CONSTANT_CONVERSION = YES;
				CLANG_WARN_DEPRECATED_OBJC_IMPLEMENTATIONS = YES;
				CLANG_WARN_DIRECT_OBJC_ISA_USAGE = YES_ERROR;
				CLANG_WARN_DOCUMENTATION_COMMENTS = YES;
				CLANG_WARN_EMPTY_BODY = YES;
				CLANG_WARN_ENUM_CONVERSION = YES;
				CLANG_WARN_INFINITE_RECURSION = YES;
				CLANG_WARN_INT_CONVERSION = YES;
				CLANG_WARN_NON_LITERAL_NULL_CONVERSION = YES;
				CLANG_WARN_OBJC_IMPLICIT_RETAIN_SELF = YES;
				CLANG_WARN_OBJC_LITERAL_CONVERSION = YES;
				CLANG_WARN_OBJC_ROOT_CLASS = YES_ERROR;
				CLANG_WARN_QUOTED_INCLUDE_IN_FRAMEWORK_HEADER = YES;
				CLANG_WARN_RANGE_LOOP_ANALYSIS = YES;
				CLANG_WARN_STRICT_PROTOTYPES = YES;
				CLANG_WARN_SUSPICIOUS_MOVE = YES;
				CLANG_WARN_UNGUARDED_AVAILABILITY = YES_AGGRESSIVE;
				CLANG_WARN_UNREACHABLE_CODE = YES;
				CLANG_WARN__DUPLICATE_METHOD_MATCH = YES;
				COPY_PHASE_STRIP = NO;
				DEBUG_INFORMATION_FORMAT = "dwarf-with-dsym";
				ENABLE_NS_ASSERTIONS = NO;
				ENABLE_STRICT_OBJC_MSGSEND = YES;
				ENABLE_USER_SCRIPT_SANDBOXING = YES;
				GCC_C_LANGUAGE_STANDARD = gnu17;
				GCC_NO_COMMON_BLOCKS = YES;
				GCC_WARN_64_TO_32_BIT_CONVERSION = YES;
				GCC_WARN_ABOUT_RETURN_TYPE = YES_ERROR;
				GCC_WARN_UNDECLARED_SELECTOR = YES;
				GCC_WARN_UNINITIALIZED_AUTOS = YES_AGGRESSIVE;
				GCC_WARN_UNUSED_FUNCTION = YES;
				GCC_WARN_UNUSED_VARIABLE = YES;
				IPHONEOS_DEPLOYMENT_TARGET = 17.0;
				LOCALIZATION_PREFERS_STRING_CATALOGS = YES;
				MTL_ENABLE_DEBUG_INFO = NO;
				MTL_FAST_MATH = YES;
				SDKROOT = iphoneos;
				SWIFT_COMPILATION_MODE = wholemodule;
				VALIDATE_PRODUCT = YES;
			};
			name = Release;
		};
		2B1E58EE2AB6374900600305 /* Debug */ = {
			isa = XCBuildConfiguration;
			buildSettings = {
				ASSETCATALOG_COMPILER_APPICON_NAME = AppIcon;
				ASSETCATALOG_COMPILER_GLOBAL_ACCENT_COLOR_NAME = AccentColor;
				ASSETCATALOG_COMPILER_INCLUDE_ALL_APPICON_ASSETS = YES;
				CODE_SIGN_STYLE = Automatic;
				CURRENT_PROJECT_VERSION = 3;
				DEVELOPMENT_ASSET_PATHS = "\"Flashcards/Preview Content\"";
				DEVELOPMENT_TEAM = 7V3H86U9BS;
				ENABLE_PREVIEWS = YES;
				GENERATE_INFOPLIST_FILE = YES;
				INFOPLIST_KEY_UIApplicationSceneManifest_Generation = YES;
				INFOPLIST_KEY_UIApplicationSupportsIndirectInputEvents = YES;
				INFOPLIST_KEY_UILaunchScreen_Generation = YES;
				INFOPLIST_KEY_UISupportedInterfaceOrientations_iPad = "UIInterfaceOrientationPortrait UIInterfaceOrientationPortraitUpsideDown UIInterfaceOrientationLandscapeLeft UIInterfaceOrientationLandscapeRight";
				INFOPLIST_KEY_UISupportedInterfaceOrientations_iPhone = "UIInterfaceOrientationPortrait UIInterfaceOrientationLandscapeLeft UIInterfaceOrientationLandscapeRight";
				LD_RUNPATH_SEARCH_PATHS = (
					"$(inherited)",
					"@executable_path/Frameworks",
				);
				MARKETING_VERSION = 0.1.0;
				PRODUCT_BUNDLE_IDENTIFIER = com.nonStickCode.Flashcards;
				PRODUCT_NAME = "$(TARGET_NAME)";
				SWIFT_EMIT_LOC_STRINGS = YES;
				SWIFT_VERSION = 5.0;
				TARGETED_DEVICE_FAMILY = "1,2";
			};
			name = Debug;
		};
		2B1E58EF2AB6374900600305 /* Release */ = {
			isa = XCBuildConfiguration;
			buildSettings = {
				ASSETCATALOG_COMPILER_APPICON_NAME = AppIcon;
				ASSETCATALOG_COMPILER_GLOBAL_ACCENT_COLOR_NAME = AccentColor;
				ASSETCATALOG_COMPILER_INCLUDE_ALL_APPICON_ASSETS = YES;
				CODE_SIGN_STYLE = Automatic;
				CURRENT_PROJECT_VERSION = 3;
				DEVELOPMENT_ASSET_PATHS = "\"Flashcards/Preview Content\"";
				DEVELOPMENT_TEAM = 7V3H86U9BS;
				ENABLE_PREVIEWS = YES;
				GENERATE_INFOPLIST_FILE = YES;
				INFOPLIST_KEY_UIApplicationSceneManifest_Generation = YES;
				INFOPLIST_KEY_UIApplicationSupportsIndirectInputEvents = YES;
				INFOPLIST_KEY_UILaunchScreen_Generation = YES;
				INFOPLIST_KEY_UISupportedInterfaceOrientations_iPad = "UIInterfaceOrientationPortrait UIInterfaceOrientationPortraitUpsideDown UIInterfaceOrientationLandscapeLeft UIInterfaceOrientationLandscapeRight";
				INFOPLIST_KEY_UISupportedInterfaceOrientations_iPhone = "UIInterfaceOrientationPortrait UIInterfaceOrientationLandscapeLeft UIInterfaceOrientationLandscapeRight";
				LD_RUNPATH_SEARCH_PATHS = (
					"$(inherited)",
					"@executable_path/Frameworks",
				);
				MARKETING_VERSION = 0.1.0;
				PRODUCT_BUNDLE_IDENTIFIER = com.nonStickCode.Flashcards;
				PRODUCT_NAME = "$(TARGET_NAME)";
				SWIFT_EMIT_LOC_STRINGS = YES;
				SWIFT_VERSION = 5.0;
				TARGETED_DEVICE_FAMILY = "1,2";
			};
			name = Release;
		};
/* End XCBuildConfiguration section */

/* Begin XCConfigurationList section */
		2B1E58D82AB6374700600305 /* Build configuration list for PBXProject "Flashcards" */ = {
			isa = XCConfigurationList;
			buildConfigurations = (
				2B1E58EB2AB6374900600305 /* Debug */,
				2B1E58EC2AB6374900600305 /* Release */,
			);
			defaultConfigurationIsVisible = 0;
			defaultConfigurationName = Release;
		};
		2B1E58ED2AB6374900600305 /* Build configuration list for PBXNativeTarget "Flashcards" */ = {
			isa = XCConfigurationList;
			buildConfigurations = (
				2B1E58EE2AB6374900600305 /* Debug */,
				2B1E58EF2AB6374900600305 /* Release */,
			);
			defaultConfigurationIsVisible = 0;
			defaultConfigurationName = Release;
		};
/* End XCConfigurationList section */
	};
	rootObject = 2B1E58D52AB6374700600305 /* Project object */;
}
